
Microsoft Visual Studio Solution File, Format Version 12.00
# Visual Studio Version 16
VisualStudioVersion = 16.0.30503.244
MinimumVisualStudioVersion = 10.0.40219.1
Project("{9A19103F-16F7-4668-BE54-9A1E7A4F7556}") = "SupportYourLocals", "SupportYourLocals\SupportYourLocals.csproj", "{0FBD40A3-EBFB-4194-B91D-580763C01B34}"
EndProject
Project("{9A19103F-16F7-4668-BE54-9A1E7A4F7556}") = "SupportYourLocals.EntityFrameworkCore", "SupportYourLocals.EntityFrameworkCore\SupportYourLocals.EntityFrameworkCore.csproj", "{13760311-18A8-4546-ACD8-C07C078ADCF2}"
EndProject
Project("{9A19103F-16F7-4668-BE54-9A1E7A4F7556}") = "SupportYourLocals.WPF", "SupportYourLocals.WPF\SupportYourLocals.WPF.csproj", "{D1DC61AF-074C-400B-BD85-12D90C319B7E}"
EndProject
Project("{9A19103F-16F7-4668-BE54-9A1E7A4F7556}") = "SupportYourLocals.Map", "SupportYourLocals.Map\SupportYourLocals.Map.csproj", "{74611E00-230D-4E35-941E-62C3B56D873E}"
EndProject
Project("{9A19103F-16F7-4668-BE54-9A1E7A4F7556}") = "SupportYourLocals.Data", "SupportYourLocals.Data\SupportYourLocals.Data.csproj", "{3C6D134A-2D8D-49BE-8729-6E42A3E4B240}"
EndProject
Project("{9A19103F-16F7-4668-BE54-9A1E7A4F7556}") = "SupportYourLocals.ExtensionMethods", "SupportYourLocals.ExtensionMethods\SupportYourLocals.ExtensionMethods.csproj", "{BD4DC530-EB2A-442E-B736-D5B175A78767}"
EndProject
Project("{FAE04EC0-301F-11D3-BF4B-00C04F79EFBC}") = "SupportYourLocals.WebAPI", "SupportYourLocals.WebAPI\SupportYourLocals.WebAPI.csproj", "{706C4A4D-3116-4AF8-AE8E-B35AA785E293}"
EndProject
Global
	GlobalSection(SolutionConfigurationPlatforms) = preSolution
		Debug|Any CPU = Debug|Any CPU
		Release|Any CPU = Release|Any CPU
	EndGlobalSection
	GlobalSection(ProjectConfigurationPlatforms) = postSolution
		{0FBD40A3-EBFB-4194-B91D-580763C01B34}.Debug|Any CPU.ActiveCfg = Debug|Any CPU
		{0FBD40A3-EBFB-4194-B91D-580763C01B34}.Debug|Any CPU.Build.0 = Debug|Any CPU
		{0FBD40A3-EBFB-4194-B91D-580763C01B34}.Release|Any CPU.ActiveCfg = Release|Any CPU
		{0FBD40A3-EBFB-4194-B91D-580763C01B34}.Release|Any CPU.Build.0 = Release|Any CPU
		{13760311-18A8-4546-ACD8-C07C078ADCF2}.Debug|Any CPU.ActiveCfg = Debug|Any CPU
		{13760311-18A8-4546-ACD8-C07C078ADCF2}.Debug|Any CPU.Build.0 = Debug|Any CPU
		{13760311-18A8-4546-ACD8-C07C078ADCF2}.Release|Any CPU.ActiveCfg = Release|Any CPU
		{13760311-18A8-4546-ACD8-C07C078ADCF2}.Release|Any CPU.Build.0 = Release|Any CPU
		{D1DC61AF-074C-400B-BD85-12D90C319B7E}.Debug|Any CPU.ActiveCfg = Debug|Any CPU
		{D1DC61AF-074C-400B-BD85-12D90C319B7E}.Debug|Any CPU.Build.0 = Debug|Any CPU
		{D1DC61AF-074C-400B-BD85-12D90C319B7E}.Release|Any CPU.ActiveCfg = Release|Any CPU
		{D1DC61AF-074C-400B-BD85-12D90C319B7E}.Release|Any CPU.Build.0 = Release|Any CPU
		{74611E00-230D-4E35-941E-62C3B56D873E}.Debug|Any CPU.ActiveCfg = Debug|Any CPU
		{74611E00-230D-4E35-941E-62C3B56D873E}.Debug|Any CPU.Build.0 = Debug|Any CPU
		{74611E00-230D-4E35-941E-62C3B56D873E}.Release|Any CPU.ActiveCfg = Release|Any CPU
		{74611E00-230D-4E35-941E-62C3B56D873E}.Release|Any CPU.Build.0 = Release|Any CPU
		{3C6D134A-2D8D-49BE-8729-6E42A3E4B240}.Debug|Any CPU.ActiveCfg = Debug|Any CPU
		{3C6D134A-2D8D-49BE-8729-6E42A3E4B240}.Debug|Any CPU.Build.0 = Debug|Any CPU
		{3C6D134A-2D8D-49BE-8729-6E42A3E4B240}.Release|Any CPU.ActiveCfg = Release|Any CPU
		{3C6D134A-2D8D-49BE-8729-6E42A3E4B240}.Release|Any CPU.Build.0 = Release|Any CPU
		{BD4DC530-EB2A-442E-B736-D5B175A78767}.Debug|Any CPU.ActiveCfg = Debug|Any CPU
		{BD4DC530-EB2A-442E-B736-D5B175A78767}.Debug|Any CPU.Build.0 = Debug|Any CPU
		{BD4DC530-EB2A-442E-B736-D5B175A78767}.Release|Any CPU.ActiveCfg = Release|Any CPU
		{BD4DC530-EB2A-442E-B736-D5B175A78767}.Release|Any CPU.Build.0 = Release|Any CPU
		{706C4A4D-3116-4AF8-AE8E-B35AA785E293}.Debug|Any CPU.ActiveCfg = Debug|Any CPU
		{706C4A4D-3116-4AF8-AE8E-B35AA785E293}.Debug|Any CPU.Build.0 = Debug|Any CPU
		{706C4A4D-3116-4AF8-AE8E-B35AA785E293}.Release|Any CPU.ActiveCfg = Release|Any CPU
		{706C4A4D-3116-4AF8-AE8E-B35AA785E293}.Release|Any CPU.Build.0 = Release|Any CPU
	EndGlobalSection
	GlobalSection(SolutionProperties) = preSolution
		HideSolutionNode = FALSE
	EndGlobalSection
	GlobalSection(ExtensibilityGlobals) = postSolution
		SolutionGuid = {9E92850F-BD93-46E0-A983-8E107AE55497}
	EndGlobalSection
EndGlobal
